PODS:
  - "AnalyticsSwiftCIO (1.5.13+cio.1)":
    - JSONSafeEncoding (= 2.0.0)
    - Sovran (= 1.1.1)
  - CustomerIO/DataPipelines (3.2.2):
    - CustomerIODataPipelines (= 3.2.2)
  - CustomerIOCommon (3.2.2)
  - CustomerIODataPipelines (3.2.2):
    - "AnalyticsSwiftCIO (= 1.5.13+cio.1)"
    - CustomerIOCommon (= 3.2.2)
    - CustomerIOTrackingMigration (= 3.2.2)
  - CustomerIOTrackingMigration (3.2.2):
    - CustomerIOCommon (= 3.2.2)
  - FBSnapshotTestCase (2.1.4):
    - FBSnapshotTestCase/SwiftSupport (= 2.1.4)
  - FBSnapshotTestCase/Core (2.1.4)
  - FBSnapshotTestCase/SwiftSupport (2.1.4):
    - FBSnapshotTestCase/Core
  - JSONSafeEncoding (2.0.0)
  - MetricsReporter (1.2.1):
    - RSCrashReporter (= 1.0.1)
    - RudderKit (= 1.4.0)
  - RSCrashReporter (1.0.1)
  - Rudder (1.26.3):
    - MetricsReporter (= 1.2.1)
  - Rudder-CustomerIO (1.0.0):
    - CustomerIO/DataPipelines (~> 3.2.2)
    - Rudder (~> 1.26)
  - RudderKit (1.4.0)
  - Sovran (1.1.1)

DEPENDENCIES:
  - FBSnapshotTestCase
  - Rudder-CustomerIO (from `../`)

SPEC REPOS:
  trunk:
    - AnalyticsSwiftCIO
    - CustomerIO
    - CustomerIOCommon
    - CustomerIODataPipelines
    - CustomerIOTrackingMigration
    - FBSnapshotTestCase
    - JSONSafeEncoding
    - MetricsReporter
    - RSCrashReporter
    - Rudder
    - RudderKit
    - Sovran

EXTERNAL SOURCES:
  Rudder-CustomerIO:
    :path: "../"

SPEC CHECKSUMS:
  AnalyticsSwiftCIO: 2a96166f72216a50b17f2516c7c2ec30e15b6223
  CustomerIO: e5bc96b0a188b89d53613cb0c1ca542c209f5b1c
  CustomerIOCommon: 93054e3e52840c8ceec5894dd32cf548b516619d
  CustomerIODataPipelines: bbf1a5bab1437efcbffe05e94537624010a3c8a4
  CustomerIOTrackingMigration: 9aa4104eaede9fdecc3e43ee499950dbbb2c9687
  FBSnapshotTestCase: 094f9f314decbabe373b87cc339bea235a63e07a
  JSONSafeEncoding: 54722ebc4fe1482e3e60a8450e1287481e32dd8b
  MetricsReporter: 99596ee5003c69949ed2f50acc34aee83c42f843
  RSCrashReporter: 6b8376ac729b0289ebe0908553e5f56d8171f313
  Rudder: 23456f79749849870e18c45bd250d6e2229a7147
  Rudder-CustomerIO: 3f92165eb87c4db57c205680371fd53688a10b7c
  RudderKit: f272f9872183946452ac94cd7bb2244a71e6ca8f
  Sovran: f8212bb3855042a24689a73ea0219ca5295235da

PODFILE CHECKSUM: 9388fc2bb7c7c4708db2543d79797d343fe17ee3

COCOAPODS: 1.15.2
