PODS:
  - "AnalyticsSwiftCIO (1.5.14+cio.1)":
    - JSONSafeEncoding (= 2.0.0)
    - Sovran (= 1.1.1)
  - CustomerIO/DataPipelines (3.5.1):
    - CustomerIODataPipelines (= 3.5.1)
  - CustomerIO/MessagingInApp (3.5.1):
    - CustomerIOMessagingInApp (= 3.5.1)
  - CustomerIO/MessagingPushAPN (3.5.1):
    - CustomerIOMessagingPushAPN (= 3.5.1)
  - CustomerIO/MessagingPushFCM (3.5.1):
    - CustomerIOMessagingPushFCM (= 3.5.1)
  - CustomerIOCommon (3.5.1)
  - CustomerIODataPipelines (3.5.1):
    - "AnalyticsSwiftCIO (= 1.5.14+cio.1)"
    - CustomerIOCommon (= 3.5.1)
    - CustomerIOTrackingMigration (= 3.5.1)
  - CustomerIOMessagingInApp (3.5.1):
    - CustomerIOCommon (= 3.5.1)
  - CustomerIOMessagingPush (3.5.1):
    - CustomerIOCommon (= 3.5.1)
  - CustomerIOMessagingPushAPN (3.5.1):
    - CustomerIOMessagingPush (= 3.5.1)
  - CustomerIOMessagingPushFCM (3.5.1):
    - CustomerIOMessagingPush (= 3.5.1)
    - FirebaseMessaging (< 12, >= 8.7.0)
  - CustomerIOTrackingMigration (3.5.1):
    - CustomerIOCommon (= 3.5.1)
  - FBSnapshotTestCase (2.1.4):
    - FBSnapshotTestCase/SwiftSupport (= 2.1.4)
  - FBSnapshotTestCase/Core (2.1.4)
  - FBSnapshotTestCase/SwiftSupport (2.1.4):
    - FBSnapshotTestCase/Core
  - FirebaseCore (11.4.2):
    - FirebaseCoreInternal (< 12.0, >= 11.4.2)
    - GoogleUtilities/Environment (~> 8.0)
    - GoogleUtilities/Logger (~> 8.0)
  - FirebaseCoreInternal (11.4.2):
    - "GoogleUtilities/NSData+zlib (~> 8.0)"
  - FirebaseInstallations (11.4.0):
    - FirebaseCore (~> 11.0)
    - GoogleUtilities/Environment (~> 8.0)
    - GoogleUtilities/UserDefaults (~> 8.0)
    - PromisesObjC (~> 2.4)
  - FirebaseMessaging (11.4.0):
    - FirebaseCore (~> 11.0)
    - FirebaseInstallations (~> 11.0)
    - GoogleDataTransport (~> 10.0)
    - GoogleUtilities/AppDelegateSwizzler (~> 8.0)
    - GoogleUtilities/Environment (~> 8.0)
    - GoogleUtilities/Reachability (~> 8.0)
    - GoogleUtilities/UserDefaults (~> 8.0)
    - nanopb (~> 3.30910.0)
  - GoogleDataTransport (10.1.0):
    - nanopb (~> 3.30910.0)
    - PromisesObjC (~> 2.4)
  - GoogleUtilities/AppDelegateSwizzler (8.0.2):
    - GoogleUtilities/Environment
    - GoogleUtilities/Logger
    - GoogleUtilities/Network
    - GoogleUtilities/Privacy
  - GoogleUtilities/Environment (8.0.2):
    - GoogleUtilities/Privacy
  - GoogleUtilities/Logger (8.0.2):
    - GoogleUtilities/Environment
    - GoogleUtilities/Privacy
  - GoogleUtilities/Network (8.0.2):
    - GoogleUtilities/Logger
    - "GoogleUtilities/NSData+zlib"
    - GoogleUtilities/Privacy
    - GoogleUtilities/Reachability
  - "GoogleUtilities/NSData+zlib (8.0.2)":
    - GoogleUtilities/Privacy
  - GoogleUtilities/Privacy (8.0.2)
  - GoogleUtilities/Reachability (8.0.2):
    - GoogleUtilities/Logger
    - GoogleUtilities/Privacy
  - GoogleUtilities/UserDefaults (8.0.2):
    - GoogleUtilities/Logger
    - GoogleUtilities/Privacy
  - JSONSafeEncoding (2.0.0)
  - MetricsReporter (1.2.1):
    - RSCrashReporter (= 1.0.1)
    - RudderKit (= 1.4.0)
  - nanopb (3.30910.0):
    - nanopb/decode (= 3.30910.0)
    - nanopb/encode (= 3.30910.0)
  - nanopb/decode (3.30910.0)
  - nanopb/encode (3.30910.0)
  - PromisesObjC (2.4.0)
  - RSCrashReporter (1.0.1)
  - Rudder (1.26.3):
    - MetricsReporter (= 1.2.1)
  - Rudder-CustomerIO (1.2.0):
    - CustomerIO/DataPipelines (~> 3.5.1)
    - Rudder (~> 1.26)
  - RudderKit (1.4.0)
  - Sovran (1.1.1)

DEPENDENCIES:
  - CustomerIO/MessagingInApp
  - CustomerIO/MessagingPushAPN
  - CustomerIO/MessagingPushFCM
  - FBSnapshotTestCase
  - Rudder-CustomerIO (from `../`)

SPEC REPOS:
  trunk:
    - AnalyticsSwiftCIO
    - CustomerIO
    - CustomerIOCommon
    - CustomerIODataPipelines
    - CustomerIOMessagingInApp
    - CustomerIOMessagingPush
    - CustomerIOMessagingPushAPN
    - CustomerIOMessagingPushFCM
    - CustomerIOTrackingMigration
    - FBSnapshotTestCase
    - FirebaseCore
    - FirebaseCoreInternal
    - FirebaseInstallations
    - FirebaseMessaging
    - GoogleDataTransport
    - GoogleUtilities
    - JSONSafeEncoding
    - MetricsReporter
    - nanopb
    - PromisesObjC
    - RSCrashReporter
    - Rudder
    - RudderKit
    - Sovran

EXTERNAL SOURCES:
  Rudder-CustomerIO:
    :path: "../"

SPEC CHECKSUMS:
  AnalyticsSwiftCIO: d03712b33e85baecc86f0d38a6d53c97f7bc5bd1
  CustomerIO: 1f63de115e50d32b2d9a1938226c3b0590d9a13d
  CustomerIOCommon: d8de2bca8339b3fc564bfd679afd92bcc1f01c1d
  CustomerIODataPipelines: eda37083cca52eaa868e0465b8af573d37d12aec
  CustomerIOMessagingInApp: d2b36bbf71994cd62557afd998a9bc81a500d166
  CustomerIOMessagingPush: 085eae5a76bf67e22df4418b592c8fd6e82c4927
  CustomerIOMessagingPushAPN: 9a2b88d8452dd99ecd36d6f1e0436a5d0bd2fa3f
  CustomerIOMessagingPushFCM: 219e4af6497bd92d55f01608aded4c6a00d1f157
  CustomerIOTrackingMigration: 13702d864a069f2298e29d22534eb67c292b5107
  FBSnapshotTestCase: 094f9f314decbabe373b87cc339bea235a63e07a
  FirebaseCore: 6b32c57269bd999aab34354c3923d92a6e5f3f84
  FirebaseCoreInternal: 35731192cab10797b88411be84940d2beb33a238
  FirebaseInstallations: 6ef4a1c7eb2a61ee1f74727d7f6ce2e72acf1414
  FirebaseMessaging: f8a160d99c2c2e5babbbcc90c4a3e15db036aee2
  GoogleDataTransport: aae35b7ea0c09004c3797d53c8c41f66f219d6a7
  GoogleUtilities: 26a3abef001b6533cf678d3eb38fd3f614b7872d
  JSONSafeEncoding: 54722ebc4fe1482e3e60a8450e1287481e32dd8b
  MetricsReporter: 99596ee5003c69949ed2f50acc34aee83c42f843
  nanopb: fad817b59e0457d11a5dfbde799381cd727c1275
  PromisesObjC: f5707f49cb48b9636751c5b2e7d227e43fba9f47
  RSCrashReporter: 6b8376ac729b0289ebe0908553e5f56d8171f313
  Rudder: 23456f79749849870e18c45bd250d6e2229a7147
  Rudder-CustomerIO: cfba35055f37edc74c616c9ff434e0a11b273bec
  RudderKit: f272f9872183946452ac94cd7bb2244a71e6ca8f
  Sovran: f8212bb3855042a24689a73ea0219ca5295235da

PODFILE CHECKSUM: db381a0c47364014d8905d912e05db7f4e0781a0

COCOAPODS: 1.15.2
